
Microsoft Visual Studio Solution File, Format Version 12.00
Project("{FAE04EC0-301F-11D3-BF4B-00C04F79EFBC}") = "SamuraiApp.Domain", "SamuraiApp.Domain\SamuraiApp.Domain.csproj", "{2AF7945D-34FC-430D-BA96-5EBB04221EA4}"
EndProject
Project("{FAE04EC0-301F-11D3-BF4B-00C04F79EFBC}") = "SamuraApp.Data", "SamuraApp.Data\SamuraApp.Data.csproj", "{86AC3097-19B3-4920-B26C-5AC0106F0F36}"
EndProject
Project("{FAE04EC0-301F-11D3-BF4B-00C04F79EFBC}") = "ConsoleApp", "ConsoleApp\ConsoleApp.csproj", "{B974CC98-0F6A-4591-8CC6-57AB76733FE5}"
EndProject
Project("{FAE04EC0-301F-11D3-BF4B-00C04F79EFBC}") = "Tests", "Tests\Tests.csproj", "{1C429924-0A40-488A-BD6D-C639B920F2E2}"
EndProject
Global
	GlobalSection(SolutionConfigurationPlatforms) = preSolution
		Debug|Any CPU = Debug|Any CPU
		Release|Any CPU = Release|Any CPU
	EndGlobalSection
	GlobalSection(ProjectConfigurationPlatforms) = postSolution
		{2AF7945D-34FC-430D-BA96-5EBB04221EA4}.Debug|Any CPU.ActiveCfg = Debug|Any CPU
		{2AF7945D-34FC-430D-BA96-5EBB04221EA4}.Debug|Any CPU.Build.0 = Debug|Any CPU
		{2AF7945D-34FC-430D-BA96-5EBB04221EA4}.Release|Any CPU.ActiveCfg = Release|Any CPU
		{2AF7945D-34FC-430D-BA96-5EBB04221EA4}.Release|Any CPU.Build.0 = Release|Any CPU
		{86AC3097-19B3-4920-B26C-5AC0106F0F36}.Debug|Any CPU.ActiveCfg = Debug|Any CPU
		{86AC3097-19B3-4920-B26C-5AC0106F0F36}.Debug|Any CPU.Build.0 = Debug|Any CPU
		{86AC3097-19B3-4920-B26C-5AC0106F0F36}.Release|Any CPU.ActiveCfg = Release|Any CPU
		{86AC3097-19B3-4920-B26C-5AC0106F0F36}.Release|Any CPU.Build.0 = Release|Any CPU
		{B974CC98-0F6A-4591-8CC6-57AB76733FE5}.Debug|Any CPU.ActiveCfg = Debug|Any CPU
		{B974CC98-0F6A-4591-8CC6-57AB76733FE5}.Debug|Any CPU.Build.0 = Debug|Any CPU
		{B974CC98-0F6A-4591-8CC6-57AB76733FE5}.Release|Any CPU.ActiveCfg = Release|Any CPU
		{B974CC98-0F6A-4591-8CC6-57AB76733FE5}.Release|Any CPU.Build.0 = Release|Any CPU
		{1C429924-0A40-488A-BD6D-C639B920F2E2}.Debug|Any CPU.ActiveCfg = Debug|Any CPU
		{1C429924-0A40-488A-BD6D-C639B920F2E2}.Debug|Any CPU.Build.0 = Debug|Any CPU
		{1C429924-0A40-488A-BD6D-C639B920F2E2}.Release|Any CPU.ActiveCfg = Release|Any CPU
		{1C429924-0A40-488A-BD6D-C639B920F2E2}.Release|Any CPU.Build.0 = Release|Any CPU
	EndGlobalSection
EndGlobal
